{
    "version": 3,
    "terraform_version": "0.11.0",
    "serial": 2,
    "lineage": "05a1d48d-e12e-4f65-a1f0-bf9451f79a17",
    "modules": [
        {
            "path": [
                "root"
            ],
            "outputs": {},
            "resources": {
                "aws_s3_bucket.abhi-yow-tfstate": {
                    "type": "aws_s3_bucket",
                    "depends_on": [],
                    "primary": {
                        "id": "abhi-yow-tfstate",
                        "attributes": {
                            "acceleration_status": "",
                            "acl": "private",
                            "arn": "arn:aws:s3:::abhi-yow-tfstate",
                            "bucket": "abhi-yow-tfstate",
                            "bucket_domain_name": "abhi-yow-tfstate.s3.amazonaws.com",
                            "force_destroy": "false",
                            "hosted_zone_id": "Z1WCIGYICN2BYD",
                            "id": "abhi-yow-tfstate",
                            "logging.#": "0",
                            "region": "ap-southeast-2",
                            "request_payer": "BucketOwner",
                            "tags.%": "0",
                            "versioning.#": "1",
                            "versioning.0.enabled": "true",
                            "versioning.0.mfa_delete": "false",
                            "website.#": "0"
                        },
                        "meta": {},
                        "tainted": false
                    },
                    "deposed": [],
                    "provider": "provider.aws"
                }
            },
            "depends_on": []
        }
    ]
}
